
Microsoft Visual Studio Solution File, Format Version 12.00
# Visual Studio Version 16
VisualStudioVersion = 16.0.33529.622
MinimumVisualStudioVersion = 10.0.40219.1
Project("{FAE04EC0-301F-11D3-BF4B-00C04F79EFBC}") = "SpotifyAdVolumeSilencer", "SpotifyAdVolumeSilencer.csproj", "{1725F38F-A144-452F-89B9-F7A346D670A3}"
EndProject
Global
	GlobalSection(SolutionConfigurationPlatforms) = preSolution
		Debug|Any CPU = Debug|Any CPU
		Release|Any CPU = Release|Any CPU
	EndGlobalSection
	GlobalSection(ProjectConfigurationPlatforms) = postSolution
		{1725F38F-A144-452F-89B9-F7A346D670A3}.Debug|Any CPU.ActiveCfg = Debug|Any CPU
		{1725F38F-A144-452F-89B9-F7A346D670A3}.Debug|Any CPU.Build.0 = Debug|Any CPU
		{1725F38F-A144-452F-89B9-F7A346D670A3}.Release|Any CPU.ActiveCfg = Release|Any CPU
		{1725F38F-A144-452F-89B9-F7A346D670A3}.Release|Any CPU.Build.0 = Release|Any CPU
	EndGlobalSection
	GlobalSection(SolutionProperties) = preSolution
		HideSolutionNode = FALSE
	EndGlobalSection
	GlobalSection(ExtensibilityGlobals) = postSolution
		SolutionGuid = {C5C27DC0-2C7D-4311-BDDA-6A6BF17777FA}
	EndGlobalSection
EndGlobal
